
Microsoft Visual Studio Solution File, Format Version 12.00
# Visual Studio Version 16
VisualStudioVersion = 16.0.29609.76
MinimumVisualStudioVersion = 10.0.40219.1
Project("{9A19103F-16F7-4668-BE54-9A1E7A4F7556}") = "GraphQL1", "GraphQL\GraphQL1.csproj", "{7D276BA3-3432-4EA9-8BE3-967CA934EA2F}"
EndProject
Global
	GlobalSection(SolutionConfigurationPlatforms) = preSolution
		Debug|Any CPU = Debug|Any CPU
		Release|Any CPU = Release|Any CPU
	EndGlobalSection
	GlobalSection(ProjectConfigurationPlatforms) = postSolution
		{7D276BA3-3432-4EA9-8BE3-967CA934EA2F}.Debug|Any CPU.ActiveCfg = Debug|Any CPU
		{7D276BA3-3432-4EA9-8BE3-967CA934EA2F}.Debug|Any CPU.Build.0 = Debug|Any CPU
		{7D276BA3-3432-4EA9-8BE3-967CA934EA2F}.Release|Any CPU.ActiveCfg = Release|Any CPU
		{7D276BA3-3432-4EA9-8BE3-967CA934EA2F}.Release|Any CPU.Build.0 = Release|Any CPU
	EndGlobalSection
	GlobalSection(SolutionProperties) = preSolution
		HideSolutionNode = FALSE
	EndGlobalSection
	GlobalSection(ExtensibilityGlobals) = postSolution
		SolutionGuid = {3EB4EC38-2A29-4B45-BB71-17508CB5860D}
	EndGlobalSection
EndGlobal
